
Microsoft Visual Studio Solution File, Format Version 12.00
# Visual Studio 15
VisualStudioVersion = 15.0.28307.1758
MinimumVisualStudioVersion = 10.0.40219.1
Project("{8BC9CEB8-8B4A-11D0-8D11-00A0C91BC942}") = "vstmidi_win32drv", "driver\vstmididrv.vcxproj", "{4666F6D4-704E-4223-B3A0-D27A4486C6A0}"
EndProject
Project("{8BC9CEB8-8B4A-11D0-8D11-00A0C91BC942}") = "drivercfg", "drivercfg\drivercfg.vcxproj", "{AF13E822-617D-4B1E-A092-C9C9B07C1E05}"
EndProject
Project("{8BC9CEB8-8B4A-11D0-8D11-00A0C91BC942}") = "vsthost", "vsthost\vsthost.vcxproj", "{5D666F11-5E76-4653-8B5B-32988E4907A0}"
EndProject
Project("{8BC9CEB8-8B4A-11D0-8D11-00A0C91BC942}") = "installer", "installer.vcxproj", "{021C1266-4298-48EE-8FC6-77DFEB63368F}"
	ProjectSection(ProjectDependencies) = postProject
		{5D666F11-5E76-4653-8B5B-32988E4907A0} = {5D666F11-5E76-4653-8B5B-32988E4907A0}
		{AF13E822-617D-4B1E-A092-C9C9B07C1E05} = {AF13E822-617D-4B1E-A092-C9C9B07C1E05}
		{A1751D9D-9A64-44D2-8FCE-491C0FB157BC} = {A1751D9D-9A64-44D2-8FCE-491C0FB157BC}
		{4666F6D4-704E-4223-B3A0-D27A4486C6A0} = {4666F6D4-704E-4223-B3A0-D27A4486C6A0}
	EndProjectSection
EndProject
Project("{8BC9CEB8-8B4A-11D0-8D11-00A0C91BC942}") = "ummidiplg", "ummidiplg\ummidiplg.vcxproj", "{A1751D9D-9A64-44D2-8FCE-491C0FB157BC}"
EndProject
Project("{8BC9CEB8-8B4A-11D0-8D11-00A0C91BC942}") = "cplwrapper", "cplwrapper\cplwrapper.vcxproj", "{21817C19-DA31-4413-A92D-3DEE89C88F0F}"
EndProject
Global
	GlobalSection(SolutionConfigurationPlatforms) = preSolution
		Debug|Win32 = Debug|Win32
		Debug|x64 = Debug|x64
		DebugUnicode|Win32 = DebugUnicode|Win32
		DebugUnicode|x64 = DebugUnicode|x64
		Release|Win32 = Release|Win32
		Release|x64 = Release|x64
		ReleaseUnicode|Win32 = ReleaseUnicode|Win32
		ReleaseUnicode|x64 = ReleaseUnicode|x64
	EndGlobalSection
	GlobalSection(ProjectConfigurationPlatforms) = postSolution
		{4666F6D4-704E-4223-B3A0-D27A4486C6A0}.Debug|Win32.ActiveCfg = Debug|Win32
		{4666F6D4-704E-4223-B3A0-D27A4486C6A0}.Debug|Win32.Build.0 = Debug|Win32
		{4666F6D4-704E-4223-B3A0-D27A4486C6A0}.Debug|x64.ActiveCfg = Debug|x64
		{4666F6D4-704E-4223-B3A0-D27A4486C6A0}.Debug|x64.Build.0 = Debug|x64
		{4666F6D4-704E-4223-B3A0-D27A4486C6A0}.DebugUnicode|Win32.ActiveCfg = Debug|Win32
		{4666F6D4-704E-4223-B3A0-D27A4486C6A0}.DebugUnicode|Win32.Build.0 = Debug|Win32
		{4666F6D4-704E-4223-B3A0-D27A4486C6A0}.DebugUnicode|x64.ActiveCfg = Debug|x64
		{4666F6D4-704E-4223-B3A0-D27A4486C6A0}.DebugUnicode|x64.Build.0 = Debug|x64
		{4666F6D4-704E-4223-B3A0-D27A4486C6A0}.Release|Win32.ActiveCfg = Release|Win32
		{4666F6D4-704E-4223-B3A0-D27A4486C6A0}.Release|Win32.Build.0 = Release|Win32
		{4666F6D4-704E-4223-B3A0-D27A4486C6A0}.Release|x64.ActiveCfg = Release|x64
		{4666F6D4-704E-4223-B3A0-D27A4486C6A0}.Release|x64.Build.0 = Release|x64
		{4666F6D4-704E-4223-B3A0-D27A4486C6A0}.ReleaseUnicode|Win32.ActiveCfg = Release|Win32
		{4666F6D4-704E-4223-B3A0-D27A4486C6A0}.ReleaseUnicode|Win32.Build.0 = Release|Win32
		{4666F6D4-704E-4223-B3A0-D27A4486C6A0}.ReleaseUnicode|x64.ActiveCfg = Release|x64
		{4666F6D4-704E-4223-B3A0-D27A4486C6A0}.ReleaseUnicode|x64.Build.0 = Release|x64
		{AF13E822-617D-4B1E-A092-C9C9B07C1E05}.Debug|Win32.ActiveCfg = Debug|Win32
		{AF13E822-617D-4B1E-A092-C9C9B07C1E05}.Debug|Win32.Build.0 = Debug|Win32
		{AF13E822-617D-4B1E-A092-C9C9B07C1E05}.Debug|x64.ActiveCfg = Debug|x64
		{AF13E822-617D-4B1E-A092-C9C9B07C1E05}.Debug|x64.Build.0 = Debug|x64
		{AF13E822-617D-4B1E-A092-C9C9B07C1E05}.DebugUnicode|Win32.ActiveCfg = Debug|Win32
		{AF13E822-617D-4B1E-A092-C9C9B07C1E05}.DebugUnicode|Win32.Build.0 = Debug|Win32
		{AF13E822-617D-4B1E-A092-C9C9B07C1E05}.DebugUnicode|x64.ActiveCfg = Debug|x64
		{AF13E822-617D-4B1E-A092-C9C9B07C1E05}.DebugUnicode|x64.Build.0 = Debug|x64
		{AF13E822-617D-4B1E-A092-C9C9B07C1E05}.Release|Win32.ActiveCfg = Release|Win32
		{AF13E822-617D-4B1E-A092-C9C9B07C1E05}.Release|Win32.Build.0 = Release|Win32
		{AF13E822-617D-4B1E-A092-C9C9B07C1E05}.Release|x64.ActiveCfg = Release|x64
		{AF13E822-617D-4B1E-A092-C9C9B07C1E05}.Release|x64.Build.0 = Release|x64
		{AF13E822-617D-4B1E-A092-C9C9B07C1E05}.ReleaseUnicode|Win32.ActiveCfg = Release|Win32
		{AF13E822-617D-4B1E-A092-C9C9B07C1E05}.ReleaseUnicode|Win32.Build.0 = Release|Win32
		{AF13E822-617D-4B1E-A092-C9C9B07C1E05}.ReleaseUnicode|x64.ActiveCfg = Release|x64
		{AF13E822-617D-4B1E-A092-C9C9B07C1E05}.ReleaseUnicode|x64.Build.0 = Release|x64
		{5D666F11-5E76-4653-8B5B-32988E4907A0}.Debug|Win32.ActiveCfg = Debug|Win32
		{5D666F11-5E76-4653-8B5B-32988E4907A0}.Debug|Win32.Build.0 = Debug|Win32
		{5D666F11-5E76-4653-8B5B-32988E4907A0}.Debug|x64.ActiveCfg = Debug|x64
		{5D666F11-5E76-4653-8B5B-32988E4907A0}.Debug|x64.Build.0 = Debug|x64
		{5D666F11-5E76-4653-8B5B-32988E4907A0}.DebugUnicode|Win32.ActiveCfg = Debug|Win32
		{5D666F11-5E76-4653-8B5B-32988E4907A0}.DebugUnicode|Win32.Build.0 = Debug|Win32
		{5D666F11-5E76-4653-8B5B-32988E4907A0}.DebugUnicode|x64.ActiveCfg = Debug|x64
		{5D666F11-5E76-4653-8B5B-32988E4907A0}.DebugUnicode|x64.Build.0 = Debug|x64
		{5D666F11-5E76-4653-8B5B-32988E4907A0}.Release|Win32.ActiveCfg = Release|Win32
		{5D666F11-5E76-4653-8B5B-32988E4907A0}.Release|Win32.Build.0 = Release|Win32
		{5D666F11-5E76-4653-8B5B-32988E4907A0}.Release|x64.ActiveCfg = Release|x64
		{5D666F11-5E76-4653-8B5B-32988E4907A0}.Release|x64.Build.0 = Release|x64
		{5D666F11-5E76-4653-8B5B-32988E4907A0}.ReleaseUnicode|Win32.ActiveCfg = Release|Win32
		{5D666F11-5E76-4653-8B5B-32988E4907A0}.ReleaseUnicode|Win32.Build.0 = Release|Win32
		{5D666F11-5E76-4653-8B5B-32988E4907A0}.ReleaseUnicode|x64.ActiveCfg = Release|x64
		{5D666F11-5E76-4653-8B5B-32988E4907A0}.ReleaseUnicode|x64.Build.0 = Release|x64
		{021C1266-4298-48EE-8FC6-77DFEB63368F}.Debug|Win32.ActiveCfg = Debug|Win32
		{021C1266-4298-48EE-8FC6-77DFEB63368F}.Debug|x64.ActiveCfg = Debug|Win32
		{021C1266-4298-48EE-8FC6-77DFEB63368F}.DebugUnicode|Win32.ActiveCfg = Debug|Win32
		{021C1266-4298-48EE-8FC6-77DFEB63368F}.DebugUnicode|Win32.Build.0 = Debug|Win32
		{021C1266-4298-48EE-8FC6-77DFEB63368F}.DebugUnicode|x64.ActiveCfg = Release|Win32
		{021C1266-4298-48EE-8FC6-77DFEB63368F}.DebugUnicode|x64.Build.0 = Release|Win32
		{021C1266-4298-48EE-8FC6-77DFEB63368F}.Release|Win32.ActiveCfg = Release|Win32
		{021C1266-4298-48EE-8FC6-77DFEB63368F}.Release|Win32.Build.0 = Release|Win32
		{021C1266-4298-48EE-8FC6-77DFEB63368F}.Release|x64.ActiveCfg = Release|Win32
		{021C1266-4298-48EE-8FC6-77DFEB63368F}.ReleaseUnicode|Win32.ActiveCfg = Release|Win32
		{021C1266-4298-48EE-8FC6-77DFEB63368F}.ReleaseUnicode|Win32.Build.0 = Release|Win32
		{021C1266-4298-48EE-8FC6-77DFEB63368F}.ReleaseUnicode|x64.ActiveCfg = Release|Win32
		{021C1266-4298-48EE-8FC6-77DFEB63368F}.ReleaseUnicode|x64.Build.0 = Release|Win32
		{A1751D9D-9A64-44D2-8FCE-491C0FB157BC}.Debug|Win32.ActiveCfg = Debug|Win32
		{A1751D9D-9A64-44D2-8FCE-491C0FB157BC}.Debug|x64.ActiveCfg = Debug|Win32
		{A1751D9D-9A64-44D2-8FCE-491C0FB157BC}.DebugUnicode|Win32.ActiveCfg = DebugUnicode|Win32
		{A1751D9D-9A64-44D2-8FCE-491C0FB157BC}.DebugUnicode|Win32.Build.0 = DebugUnicode|Win32
		{A1751D9D-9A64-44D2-8FCE-491C0FB157BC}.DebugUnicode|x64.ActiveCfg = DebugUnicode|Win32
		{A1751D9D-9A64-44D2-8FCE-491C0FB157BC}.Release|Win32.ActiveCfg = ReleaseUnicode|Win32
		{A1751D9D-9A64-44D2-8FCE-491C0FB157BC}.Release|Win32.Build.0 = ReleaseUnicode|Win32
		{A1751D9D-9A64-44D2-8FCE-491C0FB157BC}.Release|x64.ActiveCfg = Release|Win32
		{A1751D9D-9A64-44D2-8FCE-491C0FB157BC}.ReleaseUnicode|Win32.ActiveCfg = ReleaseUnicode|Win32
		{A1751D9D-9A64-44D2-8FCE-491C0FB157BC}.ReleaseUnicode|Win32.Build.0 = ReleaseUnicode|Win32
		{A1751D9D-9A64-44D2-8FCE-491C0FB157BC}.ReleaseUnicode|x64.ActiveCfg = ReleaseUnicode|Win32
		{21817C19-DA31-4413-A92D-3DEE89C88F0F}.Debug|Win32.ActiveCfg = Debug|Win32
		{21817C19-DA31-4413-A92D-3DEE89C88F0F}.Debug|Win32.Build.0 = Debug|Win32
		{21817C19-DA31-4413-A92D-3DEE89C88F0F}.Debug|x64.ActiveCfg = Debug|Win32
		{21817C19-DA31-4413-A92D-3DEE89C88F0F}.DebugUnicode|Win32.ActiveCfg = Debug|Win32
		{21817C19-DA31-4413-A92D-3DEE89C88F0F}.DebugUnicode|Win32.Build.0 = Debug|Win32
		{21817C19-DA31-4413-A92D-3DEE89C88F0F}.DebugUnicode|x64.ActiveCfg = Release|Win32
		{21817C19-DA31-4413-A92D-3DEE89C88F0F}.DebugUnicode|x64.Build.0 = Release|Win32
		{21817C19-DA31-4413-A92D-3DEE89C88F0F}.Release|Win32.ActiveCfg = Release|Win32
		{21817C19-DA31-4413-A92D-3DEE89C88F0F}.Release|Win32.Build.0 = Release|Win32
		{21817C19-DA31-4413-A92D-3DEE89C88F0F}.Release|x64.ActiveCfg = Release|Win32
		{21817C19-DA31-4413-A92D-3DEE89C88F0F}.ReleaseUnicode|Win32.ActiveCfg = Release|Win32
		{21817C19-DA31-4413-A92D-3DEE89C88F0F}.ReleaseUnicode|Win32.Build.0 = Release|Win32
		{21817C19-DA31-4413-A92D-3DEE89C88F0F}.ReleaseUnicode|x64.ActiveCfg = Release|Win32
		{21817C19-DA31-4413-A92D-3DEE89C88F0F}.ReleaseUnicode|x64.Build.0 = Release|Win32
	EndGlobalSection
	GlobalSection(SolutionProperties) = preSolution
		HideSolutionNode = FALSE
	EndGlobalSection
	GlobalSection(ExtensibilityGlobals) = postSolution
		SolutionGuid = {35653323-E255-4DD0-B051-EB103802940F}
	EndGlobalSection
EndGlobal
